// !$*UTF8*$!
{
	archiveVersion = 1;
	classes = {
	};
	objectVersion = 46;
	objects = {

/* Begin PBXBuildFile section */
		0A0265711C06E5DD00EE294A /* CreditsTableViewController.m in Sources */ = {isa = PBXBuildFile; fileRef = 0A0265701C06E5DD00EE294A /* CreditsTableViewController.m */; };
		0A0445121874CB31003D4A4D /* Foundation.framework in Frameworks */ = {isa = PBXBuildFile; fileRef = 0A0445111874CB31003D4A4D /* Foundation.framework */; };
		0A0445141874CB31003D4A4D /* CoreGraphics.framework in Frameworks */ = {isa = PBXBuildFile; fileRef = 0A0445131874CB31003D4A4D /* CoreGraphics.framework */; };
		0A0445161874CB31003D4A4D /* UIKit.framework in Frameworks */ = {isa = PBXBuildFile; fileRef = 0A0445151874CB31003D4A4D /* UIKit.framework */; };
		0A0445371874CB31003D4A4D /* XCTest.framework in Frameworks */ = {isa = PBXBuildFile; fileRef = 0A0445361874CB31003D4A4D /* XCTest.framework */; };
		0A0445381874CB31003D4A4D /* Foundation.framework in Frameworks */ = {isa = PBXBuildFile; fileRef = 0A0445111874CB31003D4A4D /* Foundation.framework */; };
		0A0445391874CB31003D4A4D /* UIKit.framework in Frameworks */ = {isa = PBXBuildFile; fileRef = 0A0445151874CB31003D4A4D /* UIKit.framework */; };
		0A044581187B462C003D4A4D /* iAd.framework in Frameworks */ = {isa = PBXBuildFile; fileRef = 0A044580187B462C003D4A4D /* iAd.framework */; };
		0A0AAB021898E60E00E46245 /* Default-568h@2x.png in Resources */ = {isa = PBXBuildFile; fileRef = 0A0AAB011898E60E00E46245 /* Default-568h@2x.png */; };
		0A2D5FCD19330D810032EE51 /* credits.png in Resources */ = {isa = PBXBuildFile; fileRef = 0A2D5FB319330D810032EE51 /* credits.png */; };
		0A2D5FCE19330D810032EE51 /* Face30.png in Resources */ = {isa = PBXBuildFile; fileRef = 0A2D5FB419330D810032EE51 /* Face30.png */; };
		0A2D5FCF19330D810032EE51 /* floor1.png in Resources */ = {isa = PBXBuildFile; fileRef = 0A2D5FB519330D810032EE51 /* floor1.png */; };
		0A2D5FD019330D810032EE51 /* floor1@2x.png in Resources */ = {isa = PBXBuildFile; fileRef = 0A2D5FB619330D810032EE51 /* floor1@2x.png */; };
		0A2D5FD119330D810032EE51 /* floor2.png in Resources */ = {isa = PBXBuildFile; fileRef = 0A2D5FB719330D810032EE51 /* floor2.png */; };
		0A2D5FD219330D810032EE51 /* floor2@2x.png in Resources */ = {isa = PBXBuildFile; fileRef = 0A2D5FB819330D810032EE51 /* floor2@2x.png */; };
		0A2D5FD319330D810032EE51 /* floor3.png in Resources */ = {isa = PBXBuildFile; fileRef = 0A2D5FB919330D810032EE51 /* floor3.png */; };
		0A2D5FD419330D810032EE51 /* floor3@2x.png in Resources */ = {isa = PBXBuildFile; fileRef = 0A2D5FBA19330D810032EE51 /* floor3@2x.png */; };
		0A2D5FD519330D810032EE51 /* Header.png in Resources */ = {isa = PBXBuildFile; fileRef = 0A2D5FBB19330D810032EE51 /* Header.png */; };
		0A2D5FD619330D810032EE51 /* home.png in Resources */ = {isa = PBXBuildFile; fileRef = 0A2D5FBC19330D810032EE51 /* home.png */; };
		0A2D5FD719330D810032EE51 /* installation.png in Resources */ = {isa = PBXBuildFile; fileRef = 0A2D5FBD19330D810032EE51 /* installation.png */; };
		0A2D5FD819330D810032EE51 /* iPadLand.png in Resources */ = {isa = PBXBuildFile; fileRef = 0A2D5FBE19330D810032EE51 /* iPadLand.png */; };
		0A2D5FD919330D810032EE51 /* iPadLand@2x.png in Resources */ = {isa = PBXBuildFile; fileRef = 0A2D5FBF19330D810032EE51 /* iPadLand@2x.png */; };
		0A2D5FDA19330D810032EE51 /* ipadMap.png in Resources */ = {isa = PBXBuildFile; fileRef = 0A2D5FC019330D810032EE51 /* ipadMap.png */; };
		0A2D5FDB19330D810032EE51 /* ipadMap@2x.png in Resources */ = {isa = PBXBuildFile; fileRef = 0A2D5FC119330D810032EE51 /* ipadMap@2x.png */; };
		0A2D5FDC19330D810032EE51 /* iPadPort.png in Resources */ = {isa = PBXBuildFile; fileRef = 0A2D5FC219330D810032EE51 /* iPadPort.png */; };
		0A2D5FDD19330D810032EE51 /* iPadPort@2x.png in Resources */ = {isa = PBXBuildFile; fileRef = 0A2D5FC319330D810032EE51 /* iPadPort@2x.png */; };
		0A2D5FDE19330D810032EE51 /* iPhonePort.png in Resources */ = {isa = PBXBuildFile; fileRef = 0A2D5FC419330D810032EE51 /* iPhonePort.png */; };
		0A2D5FDF19330D810032EE51 /* iPhonePort4.png in Resources */ = {isa = PBXBuildFile; fileRef = 0A2D5FC519330D810032EE51 /* iPhonePort4.png */; };
		0A2D5FE019330D810032EE51 /* p120.png in Resources */ = {isa = PBXBuildFile; fileRef = 0A2D5FC619330D810032EE51 /* p120.png */; };
		0A2D5FE119330D810032EE51 /* p152.png in Resources */ = {isa = PBXBuildFile; fileRef = 0A2D5FC719330D810032EE51 /* p152.png */; };
		0A2D5FE219330D810032EE51 /* p29.png in Resources */ = {isa = PBXBuildFile; fileRef = 0A2D5FC819330D810032EE51 /* p29.png */; };
		0A2D5FE319330D810032EE51 /* p40.png in Resources */ = {isa = PBXBuildFile; fileRef = 0A2D5FC919330D810032EE51 /* p40.png */; };
		0A2D5FE419330D810032EE51 /* p58.png in Resources */ = {isa = PBXBuildFile; fileRef = 0A2D5FCA19330D810032EE51 /* p58.png */; };
		0A2D5FE519330D810032EE51 /* p76.png in Resources */ = {isa = PBXBuildFile; fileRef = 0A2D5FCB19330D810032EE51 /* p76.png */; };
		0A2D5FE619330D810032EE51 /* p80.png in Resources */ = {isa = PBXBuildFile; fileRef = 0A2D5FCC19330D810032EE51 /* p80.png */; };
		0A8935E01C0691660005F554 /* ProgramInformationInterface.m in Sources */ = {isa = PBXBuildFile; fileRef = 0A8935DF1C0691660005F554 /* ProgramInformationInterface.m */; };
		0A8935E31C06947F0005F554 /* InstallationImage.m in Sources */ = {isa = PBXBuildFile; fileRef = 0A8935E21C06947F0005F554 /* InstallationImage.m */; };
		0A8935E61C06949C0005F554 /* CreditInfo.m in Sources */ = {isa = PBXBuildFile; fileRef = 0A8935E51C06949C0005F554 /* CreditInfo.m */; };
		0A8935E91C0694AD0005F554 /* InstallationInfo.m in Sources */ = {isa = PBXBuildFile; fileRef = 0A8935E81C0694AD0005F554 /* InstallationInfo.m */; };
		0A8935EC1C06C4390005F554 /* BreakInfo.m in Sources */ = {isa = PBXBuildFile; fileRef = 0A8935EB1C06C4390005F554 /* BreakInfo.m */; };
		0AA4D6BE1C05A3BB0022243B /* AppDelegate.m in Sources */ = {isa = PBXBuildFile; fileRef = 0AA4D68F1C05A3BB0022243B /* AppDelegate.m */; };
		0AA4D6BF1C05A3BB0022243B /* Main_iPad.storyboard in Resources */ = {isa = PBXBuildFile; fileRef = 0AA4D6901C05A3BB0022243B /* Main_iPad.storyboard */; };
		0AA4D6C01C05A3BB0022243B /* InfoPlist.strings in Resources */ = {isa = PBXBuildFile; fileRef = 0AA4D6921C05A3BB0022243B /* InfoPlist.strings */; };
		0AA4D6C11C05A3BB0022243B /* Main_iPhone.storyboard in Resources */ = {isa = PBXBuildFile; fileRef = 0AA4D6941C05A3BB0022243B /* Main_iPhone.storyboard */; };
		0AA4D6C21C05A3BB0022243B /* Images.xcassets in Resources */ = {isa = PBXBuildFile; fileRef = 0AA4D6961C05A3BB0022243B /* Images.xcassets */; };
		0AA4D6C31C05A3BB0022243B /* iPad_Description_ViewController.m in Sources */ = {isa = PBXBuildFile; fileRef = 0AA4D6991C05A3BB0022243B /* iPad_Description_ViewController.m */; };
		0AA4D6C41C05A3BB0022243B /* iPad_Shows_ViewController.m in Sources */ = {isa = PBXBuildFile; fileRef = 0AA4D69B1C05A3BB0022243B /* iPad_Shows_ViewController.m */; };
		0AA4D6C51C05A3BB0022243B /* SecondViewController.m in Sources */ = {isa = PBXBuildFile; fileRef = 0AA4D69D1C05A3BB0022243B /* SecondViewController.m */; };
		0AA4D6C61C05A3BB0022243B /* showListIpad.m in Sources */ = {isa = PBXBuildFile; fileRef = 0AA4D69F1C05A3BB0022243B /* showListIpad.m */; };
		0AA4D6C71C05A3BB0022243B /* FirstViewController.m in Sources */ = {isa = PBXBuildFile; fileRef = 0AA4D6A21C05A3BB0022243B /* FirstViewController.m */; };
		0AA4D6C81C05A3BB0022243B /* InstallationMapViewController.m in Sources */ = {isa = PBXBuildFile; fileRef = 0AA4D6A41C05A3BB0022243B /* InstallationMapViewController.m */; };
		0AA4D6C91C05A3BB0022243B /* InstallationTableViewController.m in Sources */ = {isa = PBXBuildFile; fileRef = 0AA4D6A61C05A3BB0022243B /* InstallationTableViewController.m */; };
		0AA4D6CA1C05A3BB0022243B /* iPhone_Description_ViewController.m in Sources */ = {isa = PBXBuildFile; fileRef = 0AA4D6A81C05A3BB0022243B /* iPhone_Description_ViewController.m */; };
		0AA4D6CB1C05A3BB0022243B /* masterTable_iPhone.m in Sources */ = {isa = PBXBuildFile; fileRef = 0AA4D6AA1C05A3BB0022243B /* masterTable_iPhone.m */; };
		0AA4D6CC1C05A3BB0022243B /* showListingsViewController.m in Sources */ = {isa = PBXBuildFile; fileRef = 0AA4D6AC1C05A3BB0022243B /* showListingsViewController.m */; };
		0AA4D6CD1C05A3BB0022243B /* main.m in Sources */ = {isa = PBXBuildFile; fileRef = 0AA4D6AD1C05A3BB0022243B /* main.m */; };
		0AA4D6D01C05A3BB0022243B /* Reachability.m in Sources */ = {isa = PBXBuildFile; fileRef = 0AA4D6B41C05A3BB0022243B /* Reachability.m */; };
		0AA4D6D11C05A3BB0022243B /* Util.m in Sources */ = {isa = PBXBuildFile; fileRef = 0AA4D6B61C05A3BB0022243B /* Util.m */; };
		0AA4D6D41C05A3BB0022243B /* ShowInfo.m in Sources */ = {isa = PBXBuildFile; fileRef = 0AA4D6BD1C05A3BB0022243B /* ShowInfo.m */; };
		0AA4E37C1C06630C0022243B /* WebInterfaceController.m in Sources */ = {isa = PBXBuildFile; fileRef = 0AA4E37B1C06630C0022243B /* WebInterfaceController.m */; };
		0AA4E3C51C06778B0022243B /* libGTLTouchStaticLib.a in Frameworks */ = {isa = PBXBuildFile; fileRef = 0AA4E3951C0675B00022243B /* libGTLTouchStaticLib.a */; };
		0AA4E3CA1C0677920022243B /* Security.framework in Frameworks */ = {isa = PBXBuildFile; fileRef = 0AA4E3C91C0677920022243B /* Security.framework */; };
		0AA4E3CC1C0677990022243B /* SystemConfiguration.framework in Frameworks */ = {isa = PBXBuildFile; fileRef = 0AA4E3CB1C0677990022243B /* SystemConfiguration.framework */; };
		0AA4E3CF1C0678680022243B /* GTLDrive_Sources.m in Sources */ = {isa = PBXBuildFile; fileRef = 0AA4E3CD1C0678680022243B /* GTLDrive_Sources.m */; };
		0ABC0F411C058A9C00A8EA1E /* playground_guide_iosTests.m in Sources */ = {isa = PBXBuildFile; fileRef = 0ABC0F401C058A9C00A8EA1E /* playground_guide_iosTests.m */; };
/* End PBXBuildFile section */

/* Begin PBXContainerItemProxy section */
		0A04453A1874CB31003D4A4D /* PBXContainerItemProxy */ = {
			isa = PBXContainerItemProxy;
			containerPortal = 0A0445061874CB31003D4A4D /* Project object */;
			proxyType = 1;
			remoteGlobalIDString = 0A04450D1874CB31003D4A4D;
			remoteInfo = playground2014;
		};
		0AA4E3941C0675B00022243B /* PBXContainerItemProxy */ = {
			isa = PBXContainerItemProxy;
			containerPortal = 0AA4E37D1C0675AA0022243B /* GTL.xcodeproj */;
			proxyType = 2;
			remoteGlobalIDString = 4F12027C11A4CA2F00BEB470;
			remoteInfo = GTLTouchStaticLib;
		};
		0AA4E3961C0675B00022243B /* PBXContainerItemProxy */ = {
			isa = PBXContainerItemProxy;
			containerPortal = 0AA4E37D1C0675AA0022243B /* GTL.xcodeproj */;
			proxyType = 2;
			remoteGlobalIDString = 4F12027D11A4CA2F00BEB470;
			remoteInfo = GTLUnitTests;
		};
		0AA4E3981C0675B00022243B /* PBXContainerItemProxy */ = {
			isa = PBXContainerItemProxy;
			containerPortal = 0AA4E37D1C0675AA0022243B /* GTL.xcodeproj */;
			proxyType = 2;
			remoteGlobalIDString = 4F1AD9020B71603F00DC0485;
			remoteInfo = DevelopmentTestTool;
		};
		0AA4E3A31C0675C90022243B /* PBXContainerItemProxy */ = {
			isa = PBXContainerItemProxy;
			containerPortal = 0AA4E39A1C0675C90022243B /* GTMSessionFetcherCore.xcodeproj */;
			proxyType = 2;
			remoteGlobalIDString = 4F5566C81862981000D6D62C;
			remoteInfo = FetcherMacTests;
		};
		0AA4E3A51C0675C90022243B /* PBXContainerItemProxy */ = {
			isa = PBXContainerItemProxy;
			containerPortal = 0AA4E39A1C0675C90022243B /* GTMSessionFetcherCore.xcodeproj */;
			proxyType = 2;
			remoteGlobalIDString = 4F34A21B187CCBB50012E91E;
			remoteInfo = FetcherOSXTestApp;
		};
		0AA4E3A71C0675C90022243B /* PBXContainerItemProxy */ = {
			isa = PBXContainerItemProxy;
			containerPortal = 0AA4E39A1C0675C90022243B /* GTMSessionFetcherCore.xcodeproj */;
			proxyType = 2;
			remoteGlobalIDString = 8EC5668D18AAFB1200E2C97D;
			remoteInfo = FetcheriOSTestApp;
		};
		0AA4E3A91C0675C90022243B /* PBXContainerItemProxy */ = {
			isa = PBXContainerItemProxy;
			containerPortal = 0AA4E39A1C0675C90022243B /* GTMSessionFetcherCore.xcodeproj */;
			proxyType = 2;
			remoteGlobalIDString = 8EC566A518AAFB1200E2C97D;
			remoteInfo = FetcheriOSTests;
		};
		0AA4E3AB1C0675C90022243B /* PBXContainerItemProxy */ = {
			isa = PBXContainerItemProxy;
			containerPortal = 0AA4E39A1C0675C90022243B /* GTMSessionFetcherCore.xcodeproj */;
			proxyType = 2;
			remoteGlobalIDString = 4FA025621BB21EAB00BB255C;
			remoteInfo = GTMSessionFetcherOSX;
		};
		0AA4E3AD1C0675C90022243B /* PBXContainerItemProxy */ = {
			isa = PBXContainerItemProxy;
			containerPortal = 0AA4E39A1C0675C90022243B /* GTMSessionFetcherCore.xcodeproj */;
			proxyType = 2;
			remoteGlobalIDString = 4FEE14271BB22328002ACBF8;
			remoteInfo = GTMSessionFetcherIOS;
		};
		0AA4E3C71C06778C0022243B /* PBXContainerItemProxy */ = {
			isa = PBXContainerItemProxy;
			containerPortal = 0AA4E39A1C0675C90022243B /* GTMSessionFetcherCore.xcodeproj */;
			proxyType = 2;
			remoteGlobalIDString = 0AA4E3B31C0676490022243B;
			remoteInfo = GTMSessionFetcherLib;
		};
/* End PBXContainerItemProxy section */

/* Begin PBXFileReference section */
		0A02656F1C06E5DD00EE294A /* CreditsTableViewController.h */ = {isa = PBXFileReference; fileEncoding = 4; lastKnownFileType = sourcecode.c.h; path = CreditsTableViewController.h; sourceTree = "<group>"; };
		0A0265701C06E5DD00EE294A /* CreditsTableViewController.m */ = {isa = PBXFileReference; fileEncoding = 4; lastKnownFileType = sourcecode.c.objc; path = CreditsTableViewController.m; sourceTree = "<group>"; };
		0A04450E1874CB31003D4A4D /* playground_guide_ios.app */ = {isa = PBXFileReference; explicitFileType = wrapper.application; includeInIndex = 0; path = playground_guide_ios.app; sourceTree = BUILT_PRODUCTS_DIR; };
		0A0445111874CB31003D4A4D /* Foundation.framework */ = {isa = PBXFileReference; lastKnownFileType = wrapper.framework; name = Foundation.framework; path = System/Library/Frameworks/Foundation.framework; sourceTree = SDKROOT; };
		0A0445131874CB31003D4A4D /* CoreGraphics.framework */ = {isa = PBXFileReference; lastKnownFileType = wrapper.framework; name = CoreGraphics.framework; path = System/Library/Frameworks/CoreGraphics.framework; sourceTree = SDKROOT; };
		0A0445151874CB31003D4A4D /* UIKit.framework */ = {isa = PBXFileReference; lastKnownFileType = wrapper.framework; name = UIKit.framework; path = System/Library/Frameworks/UIKit.framework; sourceTree = SDKROOT; };
		0A0445351874CB31003D4A4D /* playground_guide_ios.xctest */ = {isa = PBXFileReference; explicitFileType = wrapper.cfbundle; includeInIndex = 0; path = playground_guide_ios.xctest; sourceTree = BUILT_PRODUCTS_DIR; };
		0A0445361874CB31003D4A4D /* XCTest.framework */ = {isa = PBXFileReference; lastKnownFileType = wrapper.framework; name = XCTest.framework; path = Library/Frameworks/XCTest.framework; sourceTree = DEVELOPER_DIR; };
		0A044580187B462C003D4A4D /* iAd.framework */ = {isa = PBXFileReference; lastKnownFileType = wrapper.framework; name = iAd.framework; path = System/Library/Frameworks/iAd.framework; sourceTree = SDKROOT; };
		0A0AAB011898E60E00E46245 /* Default-568h@2x.png */ = {isa = PBXFileReference; lastKnownFileType = image.png; path = "Default-568h@2x.png"; sourceTree = "<group>"; };
		0A2D5FB319330D810032EE51 /* credits.png */ = {isa = PBXFileReference; lastKnownFileType = image.png; path = credits.png; sourceTree = "<group>"; };
		0A2D5FB419330D810032EE51 /* Face30.png */ = {isa = PBXFileReference; lastKnownFileType = image.png; path = Face30.png; sourceTree = "<group>"; };
		0A2D5FB519330D810032EE51 /* floor1.png */ = {isa = PBXFileReference; lastKnownFileType = image.png; path = floor1.png; sourceTree = "<group>"; };
		0A2D5FB619330D810032EE51 /* floor1@2x.png */ = {isa = PBXFileReference; lastKnownFileType = image.png; path = "floor1@2x.png"; sourceTree = "<group>"; };
		0A2D5FB719330D810032EE51 /* floor2.png */ = {isa = PBXFileReference; lastKnownFileType = image.png; path = floor2.png; sourceTree = "<group>"; };
		0A2D5FB819330D810032EE51 /* floor2@2x.png */ = {isa = PBXFileReference; lastKnownFileType = image.png; path = "floor2@2x.png"; sourceTree = "<group>"; };
		0A2D5FB919330D810032EE51 /* floor3.png */ = {isa = PBXFileReference; lastKnownFileType = image.png; path = floor3.png; sourceTree = "<group>"; };
		0A2D5FBA19330D810032EE51 /* floor3@2x.png */ = {isa = PBXFileReference; lastKnownFileType = image.png; path = "floor3@2x.png"; sourceTree = "<group>"; };
		0A2D5FBB19330D810032EE51 /* Header.png */ = {isa = PBXFileReference; lastKnownFileType = image.png; path = Header.png; sourceTree = "<group>"; };
		0A2D5FBC19330D810032EE51 /* home.png */ = {isa = PBXFileReference; lastKnownFileType = image.png; path = home.png; sourceTree = "<group>"; };
		0A2D5FBD19330D810032EE51 /* installation.png */ = {isa = PBXFileReference; lastKnownFileType = image.png; path = installation.png; sourceTree = "<group>"; };
		0A2D5FBE19330D810032EE51 /* iPadLand.png */ = {isa = PBXFileReference; lastKnownFileType = image.png; path = iPadLand.png; sourceTree = "<group>"; };
		0A2D5FBF19330D810032EE51 /* iPadLand@2x.png */ = {isa = PBXFileReference; lastKnownFileType = image.png; path = "iPadLand@2x.png"; sourceTree = "<group>"; };
		0A2D5FC019330D810032EE51 /* ipadMap.png */ = {isa = PBXFileReference; lastKnownFileType = image.png; path = ipadMap.png; sourceTree = "<group>"; };
		0A2D5FC119330D810032EE51 /* ipadMap@2x.png */ = {isa = PBXFileReference; lastKnownFileType = image.png; path = "ipadMap@2x.png"; sourceTree = "<group>"; };
		0A2D5FC219330D810032EE51 /* iPadPort.png */ = {isa = PBXFileReference; lastKnownFileType = image.png; path = iPadPort.png; sourceTree = "<group>"; };
		0A2D5FC319330D810032EE51 /* iPadPort@2x.png */ = {isa = PBXFileReference; lastKnownFileType = image.png; path = "iPadPort@2x.png"; sourceTree = "<group>"; };
		0A2D5FC419330D810032EE51 /* iPhonePort.png */ = {isa = PBXFileReference; lastKnownFileType = image.png; path = iPhonePort.png; sourceTree = "<group>"; };
		0A2D5FC519330D810032EE51 /* iPhonePort4.png */ = {isa = PBXFileReference; lastKnownFileType = image.png; path = iPhonePort4.png; sourceTree = "<group>"; };
		0A2D5FC619330D810032EE51 /* p120.png */ = {isa = PBXFileReference; lastKnownFileType = image.png; path = p120.png; sourceTree = "<group>"; };
		0A2D5FC719330D810032EE51 /* p152.png */ = {isa = PBXFileReference; lastKnownFileType = image.png; path = p152.png; sourceTree = "<group>"; };
		0A2D5FC819330D810032EE51 /* p29.png */ = {isa = PBXFileReference; lastKnownFileType = image.png; path = p29.png; sourceTree = "<group>"; };
		0A2D5FC919330D810032EE51 /* p40.png */ = {isa = PBXFileReference; lastKnownFileType = image.png; path = p40.png; sourceTree = "<group>"; };
		0A2D5FCA19330D810032EE51 /* p58.png */ = {isa = PBXFileReference; lastKnownFileType = image.png; path = p58.png; sourceTree = "<group>"; };
		0A2D5FCB19330D810032EE51 /* p76.png */ = {isa = PBXFileReference; lastKnownFileType = image.png; path = p76.png; sourceTree = "<group>"; };
		0A2D5FCC19330D810032EE51 /* p80.png */ = {isa = PBXFileReference; lastKnownFileType = image.png; path = p80.png; sourceTree = "<group>"; };
		0A8935DE1C0691660005F554 /* ProgramInformationInterface.h */ = {isa = PBXFileReference; fileEncoding = 4; lastKnownFileType = sourcecode.c.h; path = ProgramInformationInterface.h; sourceTree = "<group>"; };
		0A8935DF1C0691660005F554 /* ProgramInformationInterface.m */ = {isa = PBXFileReference; fileEncoding = 4; lastKnownFileType = sourcecode.c.objc; path = ProgramInformationInterface.m; sourceTree = "<group>"; };
		0A8935E11C06947F0005F554 /* InstallationImage.h */ = {isa = PBXFileReference; fileEncoding = 4; lastKnownFileType = sourcecode.c.h; path = InstallationImage.h; sourceTree = "<group>"; };
		0A8935E21C06947F0005F554 /* InstallationImage.m */ = {isa = PBXFileReference; fileEncoding = 4; lastKnownFileType = sourcecode.c.objc; path = InstallationImage.m; sourceTree = "<group>"; };
		0A8935E41C06949C0005F554 /* CreditInfo.h */ = {isa = PBXFileReference; fileEncoding = 4; lastKnownFileType = sourcecode.c.h; path = CreditInfo.h; sourceTree = "<group>"; };
		0A8935E51C06949C0005F554 /* CreditInfo.m */ = {isa = PBXFileReference; fileEncoding = 4; lastKnownFileType = sourcecode.c.objc; path = CreditInfo.m; sourceTree = "<group>"; };
		0A8935E71C0694AD0005F554 /* InstallationInfo.h */ = {isa = PBXFileReference; fileEncoding = 4; lastKnownFileType = sourcecode.c.h; path = InstallationInfo.h; sourceTree = "<group>"; };
		0A8935E81C0694AD0005F554 /* InstallationInfo.m */ = {isa = PBXFileReference; fileEncoding = 4; lastKnownFileType = sourcecode.c.objc; path = InstallationInfo.m; sourceTree = "<group>"; };
		0A8935EA1C06C4390005F554 /* BreakInfo.h */ = {isa = PBXFileReference; fileEncoding = 4; lastKnownFileType = sourcecode.c.h; path = BreakInfo.h; sourceTree = "<group>"; };
		0A8935EB1C06C4390005F554 /* BreakInfo.m */ = {isa = PBXFileReference; fileEncoding = 4; lastKnownFileType = sourcecode.c.objc; path = BreakInfo.m; sourceTree = "<group>"; };
		0AA4D68E1C05A3BB0022243B /* AppDelegate.h */ = {isa = PBXFileReference; fileEncoding = 4; lastKnownFileType = sourcecode.c.h; path = AppDelegate.h; sourceTree = "<group>"; };
		0AA4D68F1C05A3BB0022243B /* AppDelegate.m */ = {isa = PBXFileReference; fileEncoding = 4; lastKnownFileType = sourcecode.c.objc; path = AppDelegate.m; sourceTree = "<group>"; };
		0AA4D6911C05A3BB0022243B /* Base */ = {isa = PBXFileReference; lastKnownFileType = file.storyboard; name = Base; path = Base.lproj/Main_iPad.storyboard; sourceTree = "<group>"; };
		0AA4D6931C05A3BB0022243B /* en */ = {isa = PBXFileReference; lastKnownFileType = text.plist.strings; name = en; path = en.lproj/InfoPlist.strings; sourceTree = "<group>"; };
		0AA4D6951C05A3BB0022243B /* en */ = {isa = PBXFileReference; lastKnownFileType = file.storyboard; name = en; path = en.lproj/Main_iPhone.storyboard; sourceTree = "<group>"; };
		0AA4D6961C05A3BB0022243B /* Images.xcassets */ = {isa = PBXFileReference; lastKnownFileType = folder.assetcatalog; path = Images.xcassets; sourceTree = "<group>"; };
		0AA4D6981C05A3BB0022243B /* iPad_Description_ViewController.h */ = {isa = PBXFileReference; fileEncoding = 4; lastKnownFileType = sourcecode.c.h; path = iPad_Description_ViewController.h; sourceTree = "<group>"; };
		0AA4D6991C05A3BB0022243B /* iPad_Description_ViewController.m */ = {isa = PBXFileReference; fileEncoding = 4; lastKnownFileType = sourcecode.c.objc; path = iPad_Description_ViewController.m; sourceTree = "<group>"; };
		0AA4D69A1C05A3BB0022243B /* iPad_Shows_ViewController.h */ = {isa = PBXFileReference; fileEncoding = 4; lastKnownFileType = sourcecode.c.h; path = iPad_Shows_ViewController.h; sourceTree = "<group>"; };
		0AA4D69B1C05A3BB0022243B /* iPad_Shows_ViewController.m */ = {isa = PBXFileReference; fileEncoding = 4; lastKnownFileType = sourcecode.c.objc; path = iPad_Shows_ViewController.m; sourceTree = "<group>"; };
		0AA4D69C1C05A3BB0022243B /* SecondViewController.h */ = {isa = PBXFileReference; fileEncoding = 4; lastKnownFileType = sourcecode.c.h; path = SecondViewController.h; sourceTree = "<group>"; };
		0AA4D69D1C05A3BB0022243B /* SecondViewController.m */ = {isa = PBXFileReference; fileEncoding = 4; lastKnownFileType = sourcecode.c.objc; path = SecondViewController.m; sourceTree = "<group>"; };
		0AA4D69E1C05A3BB0022243B /* showListIpad.h */ = {isa = PBXFileReference; fileEncoding = 4; lastKnownFileType = sourcecode.c.h; path = showListIpad.h; sourceTree = "<group>"; };
		0AA4D69F1C05A3BB0022243B /* showListIpad.m */ = {isa = PBXFileReference; fileEncoding = 4; lastKnownFileType = sourcecode.c.objc; path = showListIpad.m; sourceTree = "<group>"; };
		0AA4D6A11C05A3BB0022243B /* FirstViewController.h */ = {isa = PBXFileReference; fileEncoding = 4; lastKnownFileType = sourcecode.c.h; path = FirstViewController.h; sourceTree = "<group>"; };
		0AA4D6A21C05A3BB0022243B /* FirstViewController.m */ = {isa = PBXFileReference; fileEncoding = 4; lastKnownFileType = sourcecode.c.objc; path = FirstViewController.m; sourceTree = "<group>"; };
		0AA4D6A31C05A3BB0022243B /* InstallationMapViewController.h */ = {isa = PBXFileReference; fileEncoding = 4; lastKnownFileType = sourcecode.c.h; path = InstallationMapViewController.h; sourceTree = "<group>"; };
		0AA4D6A41C05A3BB0022243B /* InstallationMapViewController.m */ = {isa = PBXFileReference; fileEncoding = 4; lastKnownFileType = sourcecode.c.objc; path = InstallationMapViewController.m; sourceTree = "<group>"; };
		0AA4D6A51C05A3BB0022243B /* InstallationTableViewController.h */ = {isa = PBXFileReference; fileEncoding = 4; lastKnownFileType = sourcecode.c.h; path = InstallationTableViewController.h; sourceTree = "<group>"; };
		0AA4D6A61C05A3BB0022243B /* InstallationTableViewController.m */ = {isa = PBXFileReference; fileEncoding = 4; lastKnownFileType = sourcecode.c.objc; path = InstallationTableViewController.m; sourceTree = "<group>"; };
		0AA4D6A71C05A3BB0022243B /* iPhone_Description_ViewController.h */ = {isa = PBXFileReference; fileEncoding = 4; lastKnownFileType = sourcecode.c.h; path = iPhone_Description_ViewController.h; sourceTree = "<group>"; };
		0AA4D6A81C05A3BB0022243B /* iPhone_Description_ViewController.m */ = {isa = PBXFileReference; fileEncoding = 4; lastKnownFileType = sourcecode.c.objc; path = iPhone_Description_ViewController.m; sourceTree = "<group>"; };
		0AA4D6A91C05A3BB0022243B /* masterTable_iPhone.h */ = {isa = PBXFileReference; fileEncoding = 4; lastKnownFileType = sourcecode.c.h; path = masterTable_iPhone.h; sourceTree = "<group>"; };
		0AA4D6AA1C05A3BB0022243B /* masterTable_iPhone.m */ = {isa = PBXFileReference; fileEncoding = 4; lastKnownFileType = sourcecode.c.objc; path = masterTable_iPhone.m; sourceTree = "<group>"; };
		0AA4D6AB1C05A3BB0022243B /* showListingsViewController.h */ = {isa = PBXFileReference; fileEncoding = 4; lastKnownFileType = sourcecode.c.h; path = showListingsViewController.h; sourceTree = "<group>"; };
		0AA4D6AC1C05A3BB0022243B /* showListingsViewController.m */ = {isa = PBXFileReference; fileEncoding = 4; lastKnownFileType = sourcecode.c.objc; path = showListingsViewController.m; sourceTree = "<group>"; };
		0AA4D6AD1C05A3BB0022243B /* main.m */ = {isa = PBXFileReference; fileEncoding = 4; lastKnownFileType = sourcecode.c.objc; path = main.m; sourceTree = "<group>"; };
		0AA4D6AE1C05A3BB0022243B /* playground_guide_ios-Info.plist */ = {isa = PBXFileReference; fileEncoding = 4; lastKnownFileType = text.plist.xml; path = "playground_guide_ios-Info.plist"; sourceTree = "<group>"; };
		0AA4D6AF1C05A3BB0022243B /* playground_guide_ios-Prefix.pch */ = {isa = PBXFileReference; fileEncoding = 4; lastKnownFileType = sourcecode.c.h; path = "playground_guide_ios-Prefix.pch"; sourceTree = "<group>"; };
		0AA4D6B31C05A3BB0022243B /* Reachability.h */ = {isa = PBXFileReference; fileEncoding = 4; lastKnownFileType = sourcecode.c.h; path = Reachability.h; sourceTree = "<group>"; };
		0AA4D6B41C05A3BB0022243B /* Reachability.m */ = {isa = PBXFileReference; fileEncoding = 4; lastKnownFileType = sourcecode.c.objc; path = Reachability.m; sourceTree = "<group>"; };
		0AA4D6B51C05A3BB0022243B /* Util.h */ = {isa = PBXFileReference; fileEncoding = 4; lastKnownFileType = sourcecode.c.h; path = Util.h; sourceTree = "<group>"; };
		0AA4D6B61C05A3BB0022243B /* Util.m */ = {isa = PBXFileReference; fileEncoding = 4; lastKnownFileType = sourcecode.c.objc; path = Util.m; sourceTree = "<group>"; };
		0AA4D6BC1C05A3BB0022243B /* ShowInfo.h */ = {isa = PBXFileReference; fileEncoding = 4; lastKnownFileType = sourcecode.c.h; path = ShowInfo.h; sourceTree = "<group>"; };
		0AA4D6BD1C05A3BB0022243B /* ShowInfo.m */ = {isa = PBXFileReference; fileEncoding = 4; lastKnownFileType = sourcecode.c.objc; path = ShowInfo.m; sourceTree = "<group>"; };
		0AA4E37A1C06630C0022243B /* WebInterfaceController.h */ = {isa = PBXFileReference; fileEncoding = 4; lastKnownFileType = sourcecode.c.h; path = WebInterfaceController.h; sourceTree = "<group>"; };
		0AA4E37B1C06630C0022243B /* WebInterfaceController.m */ = {isa = PBXFileReference; fileEncoding = 4; lastKnownFileType = sourcecode.c.objc; path = WebInterfaceController.m; sourceTree = "<group>"; };
		0AA4E37D1C0675AA0022243B /* GTL.xcodeproj */ = {isa = PBXFileReference; lastKnownFileType = "wrapper.pb-project"; name = GTL.xcodeproj; path = "../googleLibraries/google-api-objectivec-client/Source/GTL.xcodeproj"; sourceTree = "<group>"; };
		0AA4E39A1C0675C90022243B /* GTMSessionFetcherCore.xcodeproj */ = {isa = PBXFileReference; lastKnownFileType = "wrapper.pb-project"; name = GTMSessionFetcherCore.xcodeproj; path = "googleLibraries/gtm-session-fetcher/Source/GTMSessionFetcherCore.xcodeproj"; sourceTree = SOURCE_ROOT; };
		0AA4E3C91C0677920022243B /* Security.framework */ = {isa = PBXFileReference; lastKnownFileType = wrapper.framework; name = Security.framework; path = System/Library/Frameworks/Security.framework; sourceTree = SDKROOT; };
		0AA4E3CB1C0677990022243B /* SystemConfiguration.framework */ = {isa = PBXFileReference; lastKnownFileType = wrapper.framework; name = SystemConfiguration.framework; path = System/Library/Frameworks/SystemConfiguration.framework; sourceTree = SDKROOT; };
		0AA4E3CD1C0678680022243B /* GTLDrive_Sources.m */ = {isa = PBXFileReference; fileEncoding = 4; lastKnownFileType = sourcecode.c.objc; name = GTLDrive_Sources.m; path = "googleLibraries/google-api-objectivec-client/Source/Services/Drive/Generated/GTLDrive_Sources.m"; sourceTree = "<group>"; };
		0AA4E3CE1C0678680022243B /* GTLDrive.h */ = {isa = PBXFileReference; fileEncoding = 4; lastKnownFileType = sourcecode.c.h; name = GTLDrive.h; path = "googleLibraries/google-api-objectivec-client/Source/Services/Drive/Generated/GTLDrive.h"; sourceTree = "<group>"; };
		0ABC0EF41C0588F000A8EA1E /* en */ = {isa = PBXFileReference; lastKnownFileType = text.plist.strings; name = en; path = en.lproj/InfoPlist.strings; sourceTree = "<group>"; };
		0ABC0EF61C0588F000A8EA1E /* playground_guide_iosTests-Info.plist */ = {isa = PBXFileReference; fileEncoding = 4; lastKnownFileType = text.plist.xml; path = "playground_guide_iosTests-Info.plist"; sourceTree = "<group>"; };
		0ABC0F401C058A9C00A8EA1E /* playground_guide_iosTests.m */ = {isa = PBXFileReference; fileEncoding = 4; lastKnownFileType = sourcecode.c.objc; path = playground_guide_iosTests.m; sourceTree = "<group>"; };
/* End PBXFileReference section */

/* Begin PBXFrameworksBuildPhase section */
		0A04450B1874CB31003D4A4D /* Frameworks */ = {
			isa = PBXFrameworksBuildPhase;
			buildActionMask = 2147483647;
			files = (
				0AA4E3CC1C0677990022243B /* SystemConfiguration.framework in Frameworks */,
				0AA4E3CA1C0677920022243B /* Security.framework in Frameworks */,
				0AA4E3C51C06778B0022243B /* libGTLTouchStaticLib.a in Frameworks */,
				0A044581187B462C003D4A4D /* iAd.framework in Frameworks */,
				0A0445141874CB31003D4A4D /* CoreGraphics.framework in Frameworks */,
				0A0445161874CB31003D4A4D /* UIKit.framework in Frameworks */,
				0A0445121874CB31003D4A4D /* Foundation.framework in Frameworks */,
			);
			runOnlyForDeploymentPostprocessing = 0;
		};
		0A0445321874CB31003D4A4D /* Frameworks */ = {
			isa = PBXFrameworksBuildPhase;
			buildActionMask = 2147483647;
			files = (
				0A0445371874CB31003D4A4D /* XCTest.framework in Frameworks */,
				0A0445391874CB31003D4A4D /* UIKit.framework in Frameworks */,
				0A0445381874CB31003D4A4D /* Foundation.framework in Frameworks */,
			);
			runOnlyForDeploymentPostprocessing = 0;
		};
/* End PBXFrameworksBuildPhase section */

/* Begin PBXGroup section */
		0A0445051874CB31003D4A4D = {
			isa = PBXGroup;
			children = (
				0AA4E3CD1C0678680022243B /* GTLDrive_Sources.m */,
				0AA4E3CE1C0678680022243B /* GTLDrive.h */,
				0AA4D68D1C05A3BB0022243B /* playground_guide_ios */,
				0ABC0EF21C0588F000A8EA1E /* playground_guide_iosTests */,
				0A0AAB011898E60E00E46245 /* Default-568h@2x.png */,
				0A0445101874CB31003D4A4D /* Frameworks */,
				0A04450F1874CB31003D4A4D /* Products */,
				0A2D5FB219330D810032EE51 /* playgroundAssets */,
			);
			sourceTree = "<group>";
		};
		0A04450F1874CB31003D4A4D /* Products */ = {
			isa = PBXGroup;
			children = (
				0A04450E1874CB31003D4A4D /* playground_guide_ios.app */,
				0A0445351874CB31003D4A4D /* playground_guide_ios.xctest */,
			);
			name = Products;
			sourceTree = "<group>";
		};
		0A0445101874CB31003D4A4D /* Frameworks */ = {
			isa = PBXGroup;
			children = (
				0AA4E3CB1C0677990022243B /* SystemConfiguration.framework */,
				0AA4E3C91C0677920022243B /* Security.framework */,
				0A044580187B462C003D4A4D /* iAd.framework */,
				0A0445111874CB31003D4A4D /* Foundation.framework */,
				0A0445131874CB31003D4A4D /* CoreGraphics.framework */,
				0A0445151874CB31003D4A4D /* UIKit.framework */,
				0A0445361874CB31003D4A4D /* XCTest.framework */,
			);
			name = Frameworks;
			sourceTree = "<group>";
		};
		0A2D5FB219330D810032EE51 /* playgroundAssets */ = {
			isa = PBXGroup;
			children = (
				0A2D5FB319330D810032EE51 /* credits.png */,
				0A2D5FB419330D810032EE51 /* Face30.png */,
				0A2D5FB519330D810032EE51 /* floor1.png */,
				0A2D5FB619330D810032EE51 /* floor1@2x.png */,
				0A2D5FB719330D810032EE51 /* floor2.png */,
				0A2D5FB819330D810032EE51 /* floor2@2x.png */,
				0A2D5FB919330D810032EE51 /* floor3.png */,
				0A2D5FBA19330D810032EE51 /* floor3@2x.png */,
				0A2D5FBB19330D810032EE51 /* Header.png */,
				0A2D5FBC19330D810032EE51 /* home.png */,
				0A2D5FBD19330D810032EE51 /* installation.png */,
				0A2D5FBE19330D810032EE51 /* iPadLand.png */,
				0A2D5FBF19330D810032EE51 /* iPadLand@2x.png */,
				0A2D5FC019330D810032EE51 /* ipadMap.png */,
				0A2D5FC119330D810032EE51 /* ipadMap@2x.png */,
				0A2D5FC219330D810032EE51 /* iPadPort.png */,
				0A2D5FC319330D810032EE51 /* iPadPort@2x.png */,
				0A2D5FC419330D810032EE51 /* iPhonePort.png */,
				0A2D5FC519330D810032EE51 /* iPhonePort4.png */,
				0A2D5FC619330D810032EE51 /* p120.png */,
				0A2D5FC719330D810032EE51 /* p152.png */,
				0A2D5FC819330D810032EE51 /* p29.png */,
				0A2D5FC919330D810032EE51 /* p40.png */,
				0A2D5FCA19330D810032EE51 /* p58.png */,
				0A2D5FCB19330D810032EE51 /* p76.png */,
				0A2D5FCC19330D810032EE51 /* p80.png */,
			);
			path = playgroundAssets;
			sourceTree = SOURCE_ROOT;
		};
		0AA4D68D1C05A3BB0022243B /* playground_guide_ios */ = {
			isa = PBXGroup;
			children = (
				0AA4E39A1C0675C90022243B /* GTMSessionFetcherCore.xcodeproj */,
				0AA4E37D1C0675AA0022243B /* GTL.xcodeproj */,
				0AA4D68E1C05A3BB0022243B /* AppDelegate.h */,
				0AA4D68F1C05A3BB0022243B /* AppDelegate.m */,
				0AA4D6901C05A3BB0022243B /* Main_iPad.storyboard */,
				0AA4D6921C05A3BB0022243B /* InfoPlist.strings */,
				0AA4D6941C05A3BB0022243B /* Main_iPhone.storyboard */,
				0AA4D6961C05A3BB0022243B /* Images.xcassets */,
				0AA4D6971C05A3BB0022243B /* iPadControllers */,
				0AA4D6A01C05A3BB0022243B /* iPhoneControllers */,
				0AA4D6AD1C05A3BB0022243B /* main.m */,
				0AA4D6AE1C05A3BB0022243B /* playground_guide_ios-Info.plist */,
				0AA4D6AF1C05A3BB0022243B /* playground_guide_ios-Prefix.pch */,
				0AA4D6B01C05A3BB0022243B /* supportClasses */,
				0AA4D6B71C05A3BB0022243B /* wrappers */,
			);
			path = playground_guide_ios;
			sourceTree = "<group>";
		};
		0AA4D6971C05A3BB0022243B /* iPadControllers */ = {
			isa = PBXGroup;
			children = (
				0AA4D6981C05A3BB0022243B /* iPad_Description_ViewController.h */,
				0AA4D6991C05A3BB0022243B /* iPad_Description_ViewController.m */,
				0AA4D69A1C05A3BB0022243B /* iPad_Shows_ViewController.h */,
				0AA4D69B1C05A3BB0022243B /* iPad_Shows_ViewController.m */,
				0AA4D69C1C05A3BB0022243B /* SecondViewController.h */,
				0AA4D69D1C05A3BB0022243B /* SecondViewController.m */,
				0AA4D69E1C05A3BB0022243B /* showListIpad.h */,
				0AA4D69F1C05A3BB0022243B /* showListIpad.m */,
			);
			path = iPadControllers;
			sourceTree = "<group>";
		};
		0AA4D6A01C05A3BB0022243B /* iPhoneControllers */ = {
			isa = PBXGroup;
			children = (
				0AA4D6A11C05A3BB0022243B /* FirstViewController.h */,
				0AA4D6A21C05A3BB0022243B /* FirstViewController.m */,
				0AA4D6A31C05A3BB0022243B /* InstallationMapViewController.h */,
				0AA4D6A41C05A3BB0022243B /* InstallationMapViewController.m */,
				0AA4D6A51C05A3BB0022243B /* InstallationTableViewController.h */,
				0AA4D6A61C05A3BB0022243B /* InstallationTableViewController.m */,
				0AA4D6A71C05A3BB0022243B /* iPhone_Description_ViewController.h */,
				0AA4D6A81C05A3BB0022243B /* iPhone_Description_ViewController.m */,
				0AA4D6A91C05A3BB0022243B /* masterTable_iPhone.h */,
				0AA4D6AA1C05A3BB0022243B /* masterTable_iPhone.m */,
				0AA4D6AB1C05A3BB0022243B /* showListingsViewController.h */,
				0AA4D6AC1C05A3BB0022243B /* showListingsViewController.m */,
				0A02656F1C06E5DD00EE294A /* CreditsTableViewController.h */,
				0A0265701C06E5DD00EE294A /* CreditsTableViewController.m */,
			);
			path = iPhoneControllers;
			sourceTree = "<group>";
		};
		0AA4D6B01C05A3BB0022243B /* supportClasses */ = {
			isa = PBXGroup;
			children = (
				0AA4D6B31C05A3BB0022243B /* Reachability.h */,
				0AA4D6B41C05A3BB0022243B /* Reachability.m */,
				0AA4D6B51C05A3BB0022243B /* Util.h */,
				0AA4D6B61C05A3BB0022243B /* Util.m */,
				0AA4E37A1C06630C0022243B /* WebInterfaceController.h */,
				0AA4E37B1C06630C0022243B /* WebInterfaceController.m */,
				0A8935DE1C0691660005F554 /* ProgramInformationInterface.h */,
				0A8935DF1C0691660005F554 /* ProgramInformationInterface.m */,
			);
			path = supportClasses;
			sourceTree = "<group>";
		};
		0AA4D6B71C05A3BB0022243B /* wrappers */ = {
			isa = PBXGroup;
			children = (
				0AA4D6BC1C05A3BB0022243B /* ShowInfo.h */,
				0AA4D6BD1C05A3BB0022243B /* ShowInfo.m */,
				0A8935E11C06947F0005F554 /* InstallationImage.h */,
				0A8935E21C06947F0005F554 /* InstallationImage.m */,
				0A8935E41C06949C0005F554 /* CreditInfo.h */,
				0A8935E51C06949C0005F554 /* CreditInfo.m */,
				0A8935E71C0694AD0005F554 /* InstallationInfo.h */,
				0A8935E81C0694AD0005F554 /* InstallationInfo.m */,
				0A8935EA1C06C4390005F554 /* BreakInfo.h */,
				0A8935EB1C06C4390005F554 /* BreakInfo.m */,
			);
			path = wrappers;
			sourceTree = "<group>";
		};
		0AA4E38C1C0675B00022243B /* Products */ = {
			isa = PBXGroup;
			children = (
				0AA4E3951C0675B00022243B /* libGTLTouchStaticLib.a */,
				0AA4E3971C0675B00022243B /* GTLUnitTests.xctest */,
				0AA4E3991C0675B00022243B /* DevelopmentTestTool */,
			);
			name = Products;
			sourceTree = "<group>";
		};
		0AA4E39B1C0675C90022243B /* Products */ = {
			isa = PBXGroup;
			children = (
				0AA4E3A41C0675C90022243B /* FetcherMacTests.xctest */,
				0AA4E3A61C0675C90022243B /* FetcherOSXTestApp.app */,
				0AA4E3A81C0675C90022243B /* FetcheriOSTestApp.app */,
				0AA4E3AA1C0675C90022243B /* FetcheriOSTests.xctest */,
				0AA4E3AC1C0675C90022243B /* GTMSessionFetcherOSX.framework */,
				0AA4E3AE1C0675C90022243B /* GTMSessionFetcherIOS.framework */,
				0AA4E3C81C06778C0022243B /* libGTMSessionFetcherLib.a */,
			);
			name = Products;
			sourceTree = "<group>";
		};
		0ABC0EF21C0588F000A8EA1E /* playground_guide_iosTests */ = {
			isa = PBXGroup;
			children = (
				0ABC0F401C058A9C00A8EA1E /* playground_guide_iosTests.m */,
				0ABC0EF31C0588F000A8EA1E /* InfoPlist.strings */,
				0ABC0EF61C0588F000A8EA1E /* playground_guide_iosTests-Info.plist */,
			);
			path = playground_guide_iosTests;
			sourceTree = "<group>";
		};
/* End PBXGroup section */

/* Begin PBXNativeTarget section */
		0A04450D1874CB31003D4A4D /* playground_guide_ios */ = {
			isa = PBXNativeTarget;
			buildConfigurationList = 0A0445461874CB31003D4A4D /* Build configuration list for PBXNativeTarget "playground_guide_ios" */;
			buildPhases = (
				0A04450A1874CB31003D4A4D /* Sources */,
				0A04450B1874CB31003D4A4D /* Frameworks */,
				0A04450C1874CB31003D4A4D /* Resources */,
			);
			buildRules = (
			);
			dependencies = (
			);
			name = playground_guide_ios;
			productName = playground2014;
			productReference = 0A04450E1874CB31003D4A4D /* playground_guide_ios.app */;
			productType = "com.apple.product-type.application";
		};
		0A0445341874CB31003D4A4D /* playground_guide_iosTests */ = {
			isa = PBXNativeTarget;
			buildConfigurationList = 0A0445491874CB31003D4A4D /* Build configuration list for PBXNativeTarget "playground_guide_iosTests" */;
			buildPhases = (
				0A0445311874CB31003D4A4D /* Sources */,
				0A0445321874CB31003D4A4D /* Frameworks */,
				0A0445331874CB31003D4A4D /* Resources */,
			);
			buildRules = (
			);
			dependencies = (
				0A04453B1874CB31003D4A4D /* PBXTargetDependency */,
			);
			name = playground_guide_iosTests;
			productName = playground2014Tests;
			productReference = 0A0445351874CB31003D4A4D /* playground_guide_ios.xctest */;
			productType = "com.apple.product-type.bundle.unit-test";
		};
/* End PBXNativeTarget section */

/* Begin PBXProject section */
		0A0445061874CB31003D4A4D /* Project object */ = {
			isa = PBXProject;
			attributes = {
				LastUpgradeCheck = 0500;
				ORGANIZATIONNAME = "Kevin Karol";
				TargetAttributes = {
					0A04450D1874CB31003D4A4D = {
						DevelopmentTeam = QEZ4DAZB5Y;
					};
					0A0445341874CB31003D4A4D = {
						TestTargetID = 0A04450D1874CB31003D4A4D;
					};
				};
			};
			buildConfigurationList = 0A0445091874CB31003D4A4D /* Build configuration list for PBXProject "playground_guide_ios" */;
			compatibilityVersion = "Xcode 3.2";
			developmentRegion = English;
			hasScannedForEncodings = 0;
			knownRegions = (
				en,
				Base,
				English,
			);
			mainGroup = 0A0445051874CB31003D4A4D;
			productRefGroup = 0A04450F1874CB31003D4A4D /* Products */;
			projectDirPath = "";
			projectReferences = (
				{
					ProductGroup = 0AA4E38C1C0675B00022243B /* Products */;
					ProjectRef = 0AA4E37D1C0675AA0022243B /* GTL.xcodeproj */;
				},
				{
					ProductGroup = 0AA4E39B1C0675C90022243B /* Products */;
					ProjectRef = 0AA4E39A1C0675C90022243B /* GTMSessionFetcherCore.xcodeproj */;
				},
			);
			projectRoot = "";
			targets = (
				0A04450D1874CB31003D4A4D /* playground_guide_ios */,
				0A0445341874CB31003D4A4D /* playground_guide_iosTests */,
			);
		};
/* End PBXProject section */

/* Begin PBXReferenceProxy section */
		0AA4E3951C0675B00022243B /* libGTLTouchStaticLib.a */ = {
			isa = PBXReferenceProxy;
			fileType = archive.ar;
			path = libGTLTouchStaticLib.a;
			remoteRef = 0AA4E3941C0675B00022243B /* PBXContainerItemProxy */;
			sourceTree = BUILT_PRODUCTS_DIR;
		};
		0AA4E3971C0675B00022243B /* GTLUnitTests.xctest */ = {
			isa = PBXReferenceProxy;
			fileType = wrapper.cfbundle;
			path = GTLUnitTests.xctest;
			remoteRef = 0AA4E3961C0675B00022243B /* PBXContainerItemProxy */;
			sourceTree = BUILT_PRODUCTS_DIR;
		};
		0AA4E3991C0675B00022243B /* DevelopmentTestTool */ = {
			isa = PBXReferenceProxy;
			fileType = "compiled.mach-o.executable";
			path = DevelopmentTestTool;
			remoteRef = 0AA4E3981C0675B00022243B /* PBXContainerItemProxy */;
			sourceTree = BUILT_PRODUCTS_DIR;
		};
		0AA4E3A41C0675C90022243B /* FetcherMacTests.xctest */ = {
			isa = PBXReferenceProxy;
			fileType = wrapper.cfbundle;
			path = FetcherMacTests.xctest;
			remoteRef = 0AA4E3A31C0675C90022243B /* PBXContainerItemProxy */;
			sourceTree = BUILT_PRODUCTS_DIR;
		};
		0AA4E3A61C0675C90022243B /* FetcherOSXTestApp.app */ = {
			isa = PBXReferenceProxy;
			fileType = wrapper.application;
			path = FetcherOSXTestApp.app;
			remoteRef = 0AA4E3A51C0675C90022243B /* PBXContainerItemProxy */;
			sourceTree = BUILT_PRODUCTS_DIR;
		};
		0AA4E3A81C0675C90022243B /* FetcheriOSTestApp.app */ = {
			isa = PBXReferenceProxy;
			fileType = wrapper.application;
			path = FetcheriOSTestApp.app;
			remoteRef = 0AA4E3A71C0675C90022243B /* PBXContainerItemProxy */;
			sourceTree = BUILT_PRODUCTS_DIR;
		};
		0AA4E3AA1C0675C90022243B /* FetcheriOSTests.xctest */ = {
			isa = PBXReferenceProxy;
			fileType = wrapper.cfbundle;
			path = FetcheriOSTests.xctest;
			remoteRef = 0AA4E3A91C0675C90022243B /* PBXContainerItemProxy */;
			sourceTree = BUILT_PRODUCTS_DIR;
		};
		0AA4E3AC1C0675C90022243B /* GTMSessionFetcherOSX.framework */ = {
			isa = PBXReferenceProxy;
			fileType = wrapper.framework;
			path = GTMSessionFetcherOSX.framework;
			remoteRef = 0AA4E3AB1C0675C90022243B /* PBXContainerItemProxy */;
			sourceTree = BUILT_PRODUCTS_DIR;
		};
		0AA4E3AE1C0675C90022243B /* GTMSessionFetcherIOS.framework */ = {
			isa = PBXReferenceProxy;
			fileType = wrapper.framework;
			path = GTMSessionFetcherIOS.framework;
			remoteRef = 0AA4E3AD1C0675C90022243B /* PBXContainerItemProxy */;
			sourceTree = BUILT_PRODUCTS_DIR;
		};
		0AA4E3C81C06778C0022243B /* libGTMSessionFetcherLib.a */ = {
			isa = PBXReferenceProxy;
			fileType = archive.ar;
			path = libGTMSessionFetcherLib.a;
			remoteRef = 0AA4E3C71C06778C0022243B /* PBXContainerItemProxy */;
			sourceTree = BUILT_PRODUCTS_DIR;
		};
/* End PBXReferenceProxy section */

/* Begin PBXResourcesBuildPhase section */
		0A04450C1874CB31003D4A4D /* Resources */ = {
			isa = PBXResourcesBuildPhase;
			buildActionMask = 2147483647;
			files = (
				0A2D5FD819330D810032EE51 /* iPadLand.png in Resources */,
				0A2D5FDC19330D810032EE51 /* iPadPort.png in Resources */,
				0AA4D6C11C05A3BB0022243B /* Main_iPhone.storyboard in Resources */,
				0A2D5FE219330D810032EE51 /* p29.png in Resources */,
				0A2D5FDB19330D810032EE51 /* ipadMap@2x.png in Resources */,
				0AA4D6C21C05A3BB0022243B /* Images.xcassets in Resources */,
				0A2D5FE119330D810032EE51 /* p152.png in Resources */,
				0AA4D6BF1C05A3BB0022243B /* Main_iPad.storyboard in Resources */,
				0A2D5FE519330D810032EE51 /* p76.png in Resources */,
				0A2D5FD619330D810032EE51 /* home.png in Resources */,
				0A2D5FD519330D810032EE51 /* Header.png in Resources */,
				0A2D5FCE19330D810032EE51 /* Face30.png in Resources */,
				0A2D5FE019330D810032EE51 /* p120.png in Resources */,
				0A2D5FD119330D810032EE51 /* floor2.png in Resources */,
				0A2D5FD319330D810032EE51 /* floor3.png in Resources */,
				0AA4D6C01C05A3BB0022243B /* InfoPlist.strings in Resources */,
				0A2D5FD219330D810032EE51 /* floor2@2x.png in Resources */,
				0A2D5FE619330D810032EE51 /* p80.png in Resources */,
				0A2D5FE419330D810032EE51 /* p58.png in Resources */,
				0A2D5FCF19330D810032EE51 /* floor1.png in Resources */,
				0A0AAB021898E60E00E46245 /* Default-568h@2x.png in Resources */,
				0A2D5FE319330D810032EE51 /* p40.png in Resources */,
				0A2D5FDA19330D810032EE51 /* ipadMap.png in Resources */,
				0A2D5FD419330D810032EE51 /* floor3@2x.png in Resources */,
				0A2D5FDF19330D810032EE51 /* iPhonePort4.png in Resources */,
				0A2D5FD019330D810032EE51 /* floor1@2x.png in Resources */,
				0A2D5FCD19330D810032EE51 /* credits.png in Resources */,
				0A2D5FD919330D810032EE51 /* iPadLand@2x.png in Resources */,
				0A2D5FDD19330D810032EE51 /* iPadPort@2x.png in Resources */,
				0A2D5FDE19330D810032EE51 /* iPhonePort.png in Resources */,
				0A2D5FD719330D810032EE51 /* installation.png in Resources */,
			);
			runOnlyForDeploymentPostprocessing = 0;
		};
		0A0445331874CB31003D4A4D /* Resources */ = {
			isa = PBXResourcesBuildPhase;
			buildActionMask = 2147483647;
			files = (
			);
			runOnlyForDeploymentPostprocessing = 0;
		};
/* End PBXResourcesBuildPhase section */

/* Begin PBXSourcesBuildPhase section */
		0A04450A1874CB31003D4A4D /* Sources */ = {
			isa = PBXSourcesBuildPhase;
			buildActionMask = 2147483647;
			files = (
				0A8935E61C06949C0005F554 /* CreditInfo.m in Sources */,
				0AA4D6C51C05A3BB0022243B /* SecondViewController.m in Sources */,
				0AA4D6CA1C05A3BB0022243B /* iPhone_Description_ViewController.m in Sources */,
				0AA4D6D41C05A3BB0022243B /* ShowInfo.m in Sources */,
				0AA4D6C81C05A3BB0022243B /* InstallationMapViewController.m in Sources */,
				0A8935E91C0694AD0005F554 /* InstallationInfo.m in Sources */,
				0A8935E01C0691660005F554 /* ProgramInformationInterface.m in Sources */,
				0AA4E3CF1C0678680022243B /* GTLDrive_Sources.m in Sources */,
				0AA4D6C71C05A3BB0022243B /* FirstViewController.m in Sources */,
				0AA4D6CC1C05A3BB0022243B /* showListingsViewController.m in Sources */,
				0AA4D6D11C05A3BB0022243B /* Util.m in Sources */,
				0AA4D6BE1C05A3BB0022243B /* AppDelegate.m in Sources */,
				0AA4D6CB1C05A3BB0022243B /* masterTable_iPhone.m in Sources */,
				0AA4D6C41C05A3BB0022243B /* iPad_Shows_ViewController.m in Sources */,
				0AA4D6C61C05A3BB0022243B /* showListIpad.m in Sources */,
				0AA4E37C1C06630C0022243B /* WebInterfaceController.m in Sources */,
				0AA4D6D01C05A3BB0022243B /* Reachability.m in Sources */,
				0A8935EC1C06C4390005F554 /* BreakInfo.m in Sources */,
				0A0265711C06E5DD00EE294A /* CreditsTableViewController.m in Sources */,
				0AA4D6C31C05A3BB0022243B /* iPad_Description_ViewController.m in Sources */,
				0AA4D6CD1C05A3BB0022243B /* main.m in Sources */,
				0AA4D6C91C05A3BB0022243B /* InstallationTableViewController.m in Sources */,
				0A8935E31C06947F0005F554 /* InstallationImage.m in Sources */,
			);
			runOnlyForDeploymentPostprocessing = 0;
		};
		0A0445311874CB31003D4A4D /* Sources */ = {
			isa = PBXSourcesBuildPhase;
			buildActionMask = 2147483647;
			files = (
				0ABC0F411C058A9C00A8EA1E /* playground_guide_iosTests.m in Sources */,
			);
			runOnlyForDeploymentPostprocessing = 0;
		};
/* End PBXSourcesBuildPhase section */

/* Begin PBXTargetDependency section */
		0A04453B1874CB31003D4A4D /* PBXTargetDependency */ = {
			isa = PBXTargetDependency;
			target = 0A04450D1874CB31003D4A4D /* playground_guide_ios */;
			targetProxy = 0A04453A1874CB31003D4A4D /* PBXContainerItemProxy */;
		};
/* End PBXTargetDependency section */

/* Begin PBXVariantGroup section */
		0AA4D6901C05A3BB0022243B /* Main_iPad.storyboard */ = {
			isa = PBXVariantGroup;
			children = (
				0AA4D6911C05A3BB0022243B /* Base */,
			);
			name = Main_iPad.storyboard;
			sourceTree = "<group>";
		};
		0AA4D6921C05A3BB0022243B /* InfoPlist.strings */ = {
			isa = PBXVariantGroup;
			children = (
				0AA4D6931C05A3BB0022243B /* en */,
			);
			name = InfoPlist.strings;
			sourceTree = "<group>";
		};
		0AA4D6941C05A3BB0022243B /* Main_iPhone.storyboard */ = {
			isa = PBXVariantGroup;
			children = (
				0AA4D6951C05A3BB0022243B /* en */,
			);
			name = Main_iPhone.storyboard;
			sourceTree = "<group>";
		};
		0ABC0EF31C0588F000A8EA1E /* InfoPlist.strings */ = {
			isa = PBXVariantGroup;
			children = (
				0ABC0EF41C0588F000A8EA1E /* en */,
			);
			name = InfoPlist.strings;
			sourceTree = "<group>";
		};
/* End PBXVariantGroup section */

/* Begin XCBuildConfiguration section */
		0A0445441874CB31003D4A4D /* Debug */ = {
			isa = XCBuildConfiguration;
			buildSettings = {
				ALWAYS_SEARCH_USER_PATHS = NO;
				ARCHS = "$(ARCHS_STANDARD_INCLUDING_64_BIT)";
				CLANG_CXX_LANGUAGE_STANDARD = "gnu++0x";
				CLANG_CXX_LIBRARY = "libc++";
				CLANG_ENABLE_MODULES = YES;
				CLANG_ENABLE_OBJC_ARC = YES;
				CLANG_WARN_BOOL_CONVERSION = YES;
				CLANG_WARN_CONSTANT_CONVERSION = YES;
				CLANG_WARN_DIRECT_OBJC_ISA_USAGE = YES_ERROR;
				CLANG_WARN_EMPTY_BODY = YES;
				CLANG_WARN_ENUM_CONVERSION = YES;
				CLANG_WARN_INT_CONVERSION = YES;
				CLANG_WARN_OBJC_ROOT_CLASS = YES_ERROR;
				CLANG_WARN__DUPLICATE_METHOD_MATCH = YES;
				"CODE_SIGN_IDENTITY[sdk=iphoneos*]" = "iPhone Developer";
				COPY_PHASE_STRIP = NO;
				GCC_C_LANGUAGE_STANDARD = gnu99;
				GCC_DYNAMIC_NO_PIC = NO;
				GCC_OPTIMIZATION_LEVEL = 0;
				GCC_PREPROCESSOR_DEFINITIONS = (
					"DEBUG=1",
					"$(inherited)",
				);
				GCC_SYMBOLS_PRIVATE_EXTERN = NO;
				GCC_WARN_64_TO_32_BIT_CONVERSION = YES;
				GCC_WARN_ABOUT_RETURN_TYPE = YES_ERROR;
				GCC_WARN_UNDECLARED_SELECTOR = YES;
				GCC_WARN_UNINITIALIZED_AUTOS = YES;
				GCC_WARN_UNUSED_FUNCTION = YES;
				GCC_WARN_UNUSED_VARIABLE = YES;
				IPHONEOS_DEPLOYMENT_TARGET = 7.0;
				ONLY_ACTIVE_ARCH = YES;
				SDKROOT = iphoneos;
				TARGETED_DEVICE_FAMILY = "1,2";
			};
			name = Debug;
		};
		0A0445451874CB31003D4A4D /* Release */ = {
			isa = XCBuildConfiguration;
			buildSettings = {
				ALWAYS_SEARCH_USER_PATHS = NO;
				ARCHS = "$(ARCHS_STANDARD_INCLUDING_64_BIT)";
				CLANG_CXX_LANGUAGE_STANDARD = "gnu++0x";
				CLANG_CXX_LIBRARY = "libc++";
				CLANG_ENABLE_MODULES = YES;
				CLANG_ENABLE_OBJC_ARC = YES;
				CLANG_WARN_BOOL_CONVERSION = YES;
				CLANG_WARN_CONSTANT_CONVERSION = YES;
				CLANG_WARN_DIRECT_OBJC_ISA_USAGE = YES_ERROR;
				CLANG_WARN_EMPTY_BODY = YES;
				CLANG_WARN_ENUM_CONVERSION = YES;
				CLANG_WARN_INT_CONVERSION = YES;
				CLANG_WARN_OBJC_ROOT_CLASS = YES_ERROR;
				CLANG_WARN__DUPLICATE_METHOD_MATCH = YES;
				"CODE_SIGN_IDENTITY[sdk=iphoneos*]" = "iPhone Developer";
				COPY_PHASE_STRIP = YES;
				ENABLE_NS_ASSERTIONS = NO;
				GCC_C_LANGUAGE_STANDARD = gnu99;
				GCC_WARN_64_TO_32_BIT_CONVERSION = YES;
				GCC_WARN_ABOUT_RETURN_TYPE = YES_ERROR;
				GCC_WARN_UNDECLARED_SELECTOR = YES;
				GCC_WARN_UNINITIALIZED_AUTOS = YES;
				GCC_WARN_UNUSED_FUNCTION = YES;
				GCC_WARN_UNUSED_VARIABLE = YES;
				IPHONEOS_DEPLOYMENT_TARGET = 7.0;
				SDKROOT = iphoneos;
				TARGETED_DEVICE_FAMILY = "1,2";
				VALIDATE_PRODUCT = YES;
			};
			name = Release;
		};
		0A0445471874CB31003D4A4D /* Debug */ = {
			isa = XCBuildConfiguration;
			buildSettings = {
				ASSETCATALOG_COMPILER_APPICON_NAME = AppIcon;
				ASSETCATALOG_COMPILER_LAUNCHIMAGE_NAME = LaunchImage;
				CODE_SIGN_IDENTITY = "iPhone Developer";
				"CODE_SIGN_IDENTITY[sdk=iphoneos*]" = "iPhone Developer";
				GCC_PRECOMPILE_PREFIX_HEADER = YES;
				GCC_PREFIX_HEADER = "playground_guide_ios/playground_guide_ios-Prefix.pch";
				GCC_PREPROCESSOR_DEFINITIONS = "GTM_USE_SESSION_FETCHER=1";
				INFOPLIST_FILE = "$(SRCROOT)/playground_guide_ios/playground_guide_ios-Info.plist";
				IPHONEOS_DEPLOYMENT_TARGET = 7.0;
				OTHER_LDFLAGS = (
					"-ObjC",
					"-all_load",
				);
				PRODUCT_NAME = playground_guide_ios;
				PROVISIONING_PROFILE = "";
				TARGETED_DEVICE_FAMILY = "1,2";
				USER_HEADER_SEARCH_PATHS = "googleLibraries/gtm-session-fetcher/Source/ googleLibraries/google-api-objectivec-client/Source/**";
				WRAPPER_EXTENSION = app;
			};
			name = Debug;
		};
		0A0445481874CB31003D4A4D /* Release */ = {
			isa = XCBuildConfiguration;
			buildSettings = {
				ASSETCATALOG_COMPILER_APPICON_NAME = AppIcon;
				ASSETCATALOG_COMPILER_LAUNCHIMAGE_NAME = LaunchImage;
				CODE_SIGN_IDENTITY = "iPhone Developer";
				"CODE_SIGN_IDENTITY[sdk=iphoneos*]" = "iPhone Developer";
				GCC_PRECOMPILE_PREFIX_HEADER = YES;
				GCC_PREFIX_HEADER = "playground_guide_ios/playground_guide_ios-Prefix.pch";
				GCC_PREPROCESSOR_DEFINITIONS = "GTM_USE_SESSION_FETCHER=1";
				INFOPLIST_FILE = "$(SRCROOT)/playground_guide_ios/playground_guide_ios-Info.plist";
				IPHONEOS_DEPLOYMENT_TARGET = 7.0;
				OTHER_LDFLAGS = (
					"-ObjC",
					"-all_load",
				);
				PRODUCT_NAME = playground_guide_ios;
				PROVISIONING_PROFILE = "";
				TARGETED_DEVICE_FAMILY = "1,2";
				USER_HEADER_SEARCH_PATHS = "googleLibraries/gtm-session-fetcher/Source/ googleLibraries/google-api-objectivec-client/Source/**";
				WRAPPER_EXTENSION = app;
			};
			name = Release;
		};
		0A04454A1874CB31003D4A4D /* Debug */ = {
			isa = XCBuildConfiguration;
			buildSettings = {
				ARCHS = "$(ARCHS_STANDARD_INCLUDING_64_BIT)";
				BUNDLE_LOADER = "$(BUILT_PRODUCTS_DIR)/playground2014.app/playground2014";
				FRAMEWORK_SEARCH_PATHS = (
					"$(SDKROOT)/Developer/Library/Frameworks",
					"$(inherited)",
					"$(DEVELOPER_FRAMEWORKS_DIR)",
				);
				GCC_PRECOMPILE_PREFIX_HEADER = YES;
				GCC_PREFIX_HEADER = "playground2014/playground_guide_ios-Prefix.pch";
				GCC_PREPROCESSOR_DEFINITIONS = (
					"DEBUG=1",
					"$(inherited)",
				);
				INFOPLIST_FILE = "playground2014Tests/playground_guide_iosTests-Info.plist";
				PRODUCT_NAME = playground_guide_ios;
				TEST_HOST = "$(BUNDLE_LOADER)";
				WRAPPER_EXTENSION = xctest;
			};
			name = Debug;
		};
		0A04454B1874CB31003D4A4D /* Release */ = {
			isa = XCBuildConfiguration;
			buildSettings = {
				ARCHS = "$(ARCHS_STANDARD_INCLUDING_64_BIT)";
				BUNDLE_LOADER = "$(BUILT_PRODUCTS_DIR)/playground2014.app/playground2014";
				FRAMEWORK_SEARCH_PATHS = (
					"$(SDKROOT)/Developer/Library/Frameworks",
					"$(inherited)",
					"$(DEVELOPER_FRAMEWORKS_DIR)",
				);
				GCC_PRECOMPILE_PREFIX_HEADER = YES;
				GCC_PREFIX_HEADER = "playground2014/playground_guide_ios-Prefix.pch";
				INFOPLIST_FILE = "playground2014Tests/playground_guide_iosTests-Info.plist";
				PRODUCT_NAME = playground_guide_ios;
				TEST_HOST = "$(BUNDLE_LOADER)";
				WRAPPER_EXTENSION = xctest;
			};
			name = Release;
		};
		0AB707A0188CE6780004A791 /* Distribution */ = {
			isa = XCBuildConfiguration;
			buildSettings = {
				ALWAYS_SEARCH_USER_PATHS = NO;
				ARCHS = "$(ARCHS_STANDARD_INCLUDING_64_BIT)";
				CLANG_CXX_LANGUAGE_STANDARD = "gnu++0x";
				CLANG_CXX_LIBRARY = "libc++";
				CLANG_ENABLE_MODULES = YES;
				CLANG_ENABLE_OBJC_ARC = YES;
				CLANG_WARN_BOOL_CONVERSION = YES;
				CLANG_WARN_CONSTANT_CONVERSION = YES;
				CLANG_WARN_DIRECT_OBJC_ISA_USAGE = YES_ERROR;
				CLANG_WARN_EMPTY_BODY = YES;
				CLANG_WARN_ENUM_CONVERSION = YES;
				CLANG_WARN_INT_CONVERSION = YES;
				CLANG_WARN_OBJC_ROOT_CLASS = YES_ERROR;
				CLANG_WARN__DUPLICATE_METHOD_MATCH = YES;
				"CODE_SIGN_IDENTITY[sdk=iphoneos*]" = "iPhone Developer";
				COPY_PHASE_STRIP = YES;
				ENABLE_NS_ASSERTIONS = NO;
				GCC_C_LANGUAGE_STANDARD = gnu99;
				GCC_WARN_64_TO_32_BIT_CONVERSION = YES;
				GCC_WARN_ABOUT_RETURN_TYPE = YES_ERROR;
				GCC_WARN_UNDECLARED_SELECTOR = YES;
				GCC_WARN_UNINITIALIZED_AUTOS = YES;
				GCC_WARN_UNUSED_FUNCTION = YES;
				GCC_WARN_UNUSED_VARIABLE = YES;
				IPHONEOS_DEPLOYMENT_TARGET = 7.0;
				SDKROOT = iphoneos;
				TARGETED_DEVICE_FAMILY = "1,2";
				VALIDATE_PRODUCT = YES;
			};
			name = Distribution;
		};
		0AB707A1188CE6780004A791 /* Distribution */ = {
			isa = XCBuildConfiguration;
			buildSettings = {
				ASSETCATALOG_COMPILER_APPICON_NAME = AppIcon;
				ASSETCATALOG_COMPILER_LAUNCHIMAGE_NAME = LaunchImage;
				CODE_SIGN_IDENTITY = "iPhone Developer";
				"CODE_SIGN_IDENTITY[sdk=iphoneos*]" = "iPhone Developer";
				GCC_PRECOMPILE_PREFIX_HEADER = YES;
				GCC_PREFIX_HEADER = "playground_guide_ios/playground_guide_ios-Prefix.pch";
				GCC_PREPROCESSOR_DEFINITIONS = "GTM_USE_SESSION_FETCHER=1";
				INFOPLIST_FILE = "$(SRCROOT)/playground_guide_ios/playground_guide_ios-Info.plist";
				IPHONEOS_DEPLOYMENT_TARGET = 7.0;
				OTHER_LDFLAGS = (
					"-ObjC",
					"-all_load",
				);
				PRODUCT_NAME = playground_guide_ios;
				PROVISIONING_PROFILE = "";
				TARGETED_DEVICE_FAMILY = "1,2";
				USER_HEADER_SEARCH_PATHS = "googleLibraries/gtm-session-fetcher/Source/ googleLibraries/google-api-objectivec-client/Source/**";
				WRAPPER_EXTENSION = app;
			};
			name = Distribution;
		};
		0AB707A2188CE6780004A791 /* Distribution */ = {
			isa = XCBuildConfiguration;
			buildSettings = {
				ARCHS = "$(ARCHS_STANDARD_INCLUDING_64_BIT)";
				BUNDLE_LOADER = "$(BUILT_PRODUCTS_DIR)/playground2014.app/playground2014";
				FRAMEWORK_SEARCH_PATHS = (
					"$(SDKROOT)/Developer/Library/Frameworks",
					"$(inherited)",
					"$(DEVELOPER_FRAMEWORKS_DIR)",
				);
				GCC_PRECOMPILE_PREFIX_HEADER = YES;
				GCC_PREFIX_HEADER = "playground2014/playground_guide_ios-Prefix.pch";
				INFOPLIST_FILE = "playground2014Tests/playground_guide_iosTests-Info.plist";
				PRODUCT_NAME = playground_guide_ios;
				TEST_HOST = "$(BUNDLE_LOADER)";
				WRAPPER_EXTENSION = xctest;
			};
			name = Distribution;
		};
/* End XCBuildConfiguration section */

/* Begin XCConfigurationList section */
		0A0445091874CB31003D4A4D /* Build configuration list for PBXProject "playground_guide_ios" */ = {
			isa = XCConfigurationList;
			buildConfigurations = (
				0A0445441874CB31003D4A4D /* Debug */,
				0A0445451874CB31003D4A4D /* Release */,
				0AB707A0188CE6780004A791 /* Distribution */,
			);
			defaultConfigurationIsVisible = 0;
			defaultConfigurationName = Release;
		};
		0A0445461874CB31003D4A4D /* Build configuration list for PBXNativeTarget "playground_guide_ios" */ = {
			isa = XCConfigurationList;
			buildConfigurations = (
				0A0445471874CB31003D4A4D /* Debug */,
				0A0445481874CB31003D4A4D /* Release */,
				0AB707A1188CE6780004A791 /* Distribution */,
			);
			defaultConfigurationIsVisible = 0;
			defaultConfigurationName = Release;
		};
		0A0445491874CB31003D4A4D /* Build configuration list for PBXNativeTarget "playground_guide_iosTests" */ = {
			isa = XCConfigurationList;
			buildConfigurations = (
				0A04454A1874CB31003D4A4D /* Debug */,
				0A04454B1874CB31003D4A4D /* Release */,
				0AB707A2188CE6780004A791 /* Distribution */,
			);
			defaultConfigurationIsVisible = 0;
			defaultConfigurationName = Release;
		};
/* End XCConfigurationList section */
	};
	rootObject = 0A0445061874CB31003D4A4D /* Project object */;
}
